{
  "nodes": {
    "dms-plugin-registry": {
      "inputs": {
        "nixpkgs": [
          "nixpkgs"
        ]
      },
      "locked": {
        "lastModified": 1777168306,
        "narHash": "sha256-ADeKQ14Nw5UO18tP5y07WxN7o9SfhcJ4/jq3jvZryyI=",
        "owner": "AvengeMedia",
        "repo": "dms-plugin-registry",
        "rev": "c7acc54f58f3c81a5e19f5f9ceb3958702a3f597",
        "type": "github"
      },
      "original": {
        "owner": "AvengeMedia",
        "repo": "dms-plugin-registry",
        "type": "github"
      }
    },
    "home-manager": {
      "inputs": {
        "nixpkgs": [
          "nixpkgs"
        ]
      },
      "locked": {
        "lastModified": 1777086106,
        "narHash": "sha256-hlNpIN18pw3xo34Lsrp6vAMUPn0aB/zFBqL0QXI1Pmk=",
        "owner": "nix-community",
        "repo": "home-manager",
        "rev": "5826802354a74af18540aef0b01bc1320f82cc17",
        "type": "github"
      },
      "original": {
        "owner": "nix-community",
        "ref": "master",
        "repo": "home-manager",
        "type": "github"
      }
    },
    "nixpkgs": {
      "locked": {
        "lastModified": 1776877367,
        "narHash": "sha256-EHq1/OX139R1RvBzOJ0aMRT3xnWyqtHBRUBuO1gFzjI=",
        "owner": "nixos",
        "repo": "nixpkgs",
        "rev": "0726a0ecb6d4e08f6adced58726b95db924cef57",
        "type": "github"
      },
      "original": {
        "owner": "nixos",
        "ref": "nixos-unstable",
        "repo": "nixpkgs",
        "type": "github"
      }
    },
    "quickshell": {
      "inputs": {
        "nixpkgs": [
          "nixpkgs"
        ]
      },
      "locked": {
        "lastModified": 1777089709,
        "narHash": "sha256-bZoy6qxL6Dbptt6PABvuhGKbyjuoyI7SQ1tzxM9g/QM=",
        "ref": "refs/heads/master",
        "rev": "11a71d233a566caba4ddffdca2e41d1fa79e45b1",
        "revCount": 808,
        "type": "git",
        "url": "https://git.outfoxxed.me/quickshell/quickshell"
      },
      "original": {
        "type": "git",
        "url": "https://git.outfoxxed.me/quickshell/quickshell"
      }
    },
    "root": {
      "inputs": {
        "dms-plugin-registry": "dms-plugin-registry",
        "home-manager": "home-manager",
        "nixpkgs": "nixpkgs",
        "quickshell": "quickshell"
      }
    }
  },
  "root": "root",
  "version": 7
}
